schema: '2.0'
stages:
  data_ingestion:
    cmd: python src/data_ingestion.py
    deps:
    - path: src/data_ingestion.py
      hash: md5
      md5: d8d4b15a5ed0c1d5455e11a4e1527d6c
      size: 2591
    outs:
    - path: pipelines/data_ingestion/test_data.csv
      hash: md5
      md5: c89c6a27ec481a952291ffadd0ed9bcc
      size: 394184
    - path: pipelines/data_ingestion/train_data.csv
      hash: md5
      md5: c0726d51d3491b88e1443e4a27688878
      size: 1572899
  data_preprocessing:
    cmd: python src/data_preprocessing.py
    deps:
    - path: pipelines/data_ingestion/train_data.csv
      hash: md5
      md5: c0726d51d3491b88e1443e4a27688878
      size: 1572899
    - path: src/data_preprocessing.py
      hash: md5
      md5: b49fb7418fff438a760c543362ae549d
      size: 5200
    outs:
    - path: pipelines/data_preprocessing/preprocessed_data.csv
      hash: md5
      md5: ec1b7998192544a162653e383da78156
      size: 1032063
  feature_engineering:
    cmd: python src/feature_engineering.py
    deps:
    - path: pipelines/data_preprocessing/preprocessed_data.csv
      hash: md5
      md5: ec1b7998192544a162653e383da78156
      size: 1032063
    - path: src/feature_engineering.py
      hash: md5
      md5: ce7e8bd33f58139253f3c62646978402
      size: 3472
    outs:
    - path: pipelines/feature_engineering/engineered_data.csv
      hash: md5
      md5: 609e087e953f119e2508345226001e21
      size: 388161961
  model_training:
    cmd: python src/model.py
    deps:
    - path: pipelines/feature_engineering/engineered_data.csv
      hash: md5
      md5: 609e087e953f119e2508345226001e21
      size: 388161961
    - path: src/model.py
      hash: md5
      md5: 78b64c65e2868c5dd9da116a1f0f7f5f
      size: 2164
    outs:
    - path: pipelines/model/xgboost_model.pkl
      hash: md5
      md5: 05ad5769ebd2420e1912a06d09e07a81
      size: 1191167
  model_evaluation:
    cmd: python src/evaluation.py
    deps:
    - path: pipelines/feature_engineering/engineered_data.csv
      hash: md5
      md5: 609e087e953f119e2508345226001e21
      size: 388161961
    - path: pipelines/model/xgboost_model.pkl
      hash: md5
      md5: 05ad5769ebd2420e1912a06d09e07a81
      size: 1191167
    - path: src/evaluation.py
      hash: md5
      md5: 7e9c8a79ed6a763d15571aedfcc26766
      size: 3224
    outs:
    - path: metrics.json
      hash: md5
      md5: f0bbbd91eff8ccfdbfa48dc9547d6da7
      size: 916
